
Microsoft Visual Studio Solution File, Format Version 12.00
# Visual Studio 15
VisualStudioVersion = 15.0.26124.0
MinimumVisualStudioVersion = 15.0.26124.0
Project("{2150E333-8FDC-42A3-9474-1A3956D46DE8}") = "src", "src", "{BC1768F4-A8F9-4121-A196-29222F793707}"
EndProject
Project("{FAE04EC0-301F-11D3-BF4B-00C04F79EFBC}") = "WolfeReiter.Identity.Claims", "src\WolfeReiter.Identity.Claims\WolfeReiter.Identity.Claims.csproj", "{0A140444-85EC-4A33-BA15-9F88FC6305C1}"
EndProject
Project("{2150E333-8FDC-42A3-9474-1A3956D46DE8}") = "demo", "demo", "{0CFCA00A-861D-4988-A829-B7E33145393A}"
EndProject
Project("{FAE04EC0-301F-11D3-BF4B-00C04F79EFBC}") = "WebApp-OpenIDConnect-Group-Role-Transform", "demo\WebApp-OpenIDConnect-Group-Role-Transform\WebApp-OpenIDConnect-Group-Role-Transform.csproj", "{80BA35F8-43C7-42A7-9D8C-FD8D02316A88}"
EndProject
Global
	GlobalSection(SolutionConfigurationPlatforms) = preSolution
		Debug|Any CPU = Debug|Any CPU
		Debug|x64 = Debug|x64
		Debug|x86 = Debug|x86
		Release|Any CPU = Release|Any CPU
		Release|x64 = Release|x64
		Release|x86 = Release|x86
	EndGlobalSection
	GlobalSection(SolutionProperties) = preSolution
		HideSolutionNode = FALSE
	EndGlobalSection
	GlobalSection(ProjectConfigurationPlatforms) = postSolution
		{0A140444-85EC-4A33-BA15-9F88FC6305C1}.Debug|Any CPU.ActiveCfg = Debug|Any CPU
		{0A140444-85EC-4A33-BA15-9F88FC6305C1}.Debug|Any CPU.Build.0 = Debug|Any CPU
		{0A140444-85EC-4A33-BA15-9F88FC6305C1}.Debug|x64.ActiveCfg = Debug|Any CPU
		{0A140444-85EC-4A33-BA15-9F88FC6305C1}.Debug|x64.Build.0 = Debug|Any CPU
		{0A140444-85EC-4A33-BA15-9F88FC6305C1}.Debug|x86.ActiveCfg = Debug|Any CPU
		{0A140444-85EC-4A33-BA15-9F88FC6305C1}.Debug|x86.Build.0 = Debug|Any CPU
		{0A140444-85EC-4A33-BA15-9F88FC6305C1}.Release|Any CPU.ActiveCfg = Release|Any CPU
		{0A140444-85EC-4A33-BA15-9F88FC6305C1}.Release|Any CPU.Build.0 = Release|Any CPU
		{0A140444-85EC-4A33-BA15-9F88FC6305C1}.Release|x64.ActiveCfg = Release|Any CPU
		{0A140444-85EC-4A33-BA15-9F88FC6305C1}.Release|x64.Build.0 = Release|Any CPU
		{0A140444-85EC-4A33-BA15-9F88FC6305C1}.Release|x86.ActiveCfg = Release|Any CPU
		{0A140444-85EC-4A33-BA15-9F88FC6305C1}.Release|x86.Build.0 = Release|Any CPU
		{80BA35F8-43C7-42A7-9D8C-FD8D02316A88}.Debug|Any CPU.ActiveCfg = Debug|Any CPU
		{80BA35F8-43C7-42A7-9D8C-FD8D02316A88}.Debug|Any CPU.Build.0 = Debug|Any CPU
		{80BA35F8-43C7-42A7-9D8C-FD8D02316A88}.Debug|x64.ActiveCfg = Debug|Any CPU
		{80BA35F8-43C7-42A7-9D8C-FD8D02316A88}.Debug|x64.Build.0 = Debug|Any CPU
		{80BA35F8-43C7-42A7-9D8C-FD8D02316A88}.Debug|x86.ActiveCfg = Debug|Any CPU
		{80BA35F8-43C7-42A7-9D8C-FD8D02316A88}.Debug|x86.Build.0 = Debug|Any CPU
		{80BA35F8-43C7-42A7-9D8C-FD8D02316A88}.Release|Any CPU.ActiveCfg = Release|Any CPU
		{80BA35F8-43C7-42A7-9D8C-FD8D02316A88}.Release|Any CPU.Build.0 = Release|Any CPU
		{80BA35F8-43C7-42A7-9D8C-FD8D02316A88}.Release|x64.ActiveCfg = Release|Any CPU
		{80BA35F8-43C7-42A7-9D8C-FD8D02316A88}.Release|x64.Build.0 = Release|Any CPU
		{80BA35F8-43C7-42A7-9D8C-FD8D02316A88}.Release|x86.ActiveCfg = Release|Any CPU
		{80BA35F8-43C7-42A7-9D8C-FD8D02316A88}.Release|x86.Build.0 = Release|Any CPU
	EndGlobalSection
	GlobalSection(NestedProjects) = preSolution
		{0A140444-85EC-4A33-BA15-9F88FC6305C1} = {BC1768F4-A8F9-4121-A196-29222F793707}
		{80BA35F8-43C7-42A7-9D8C-FD8D02316A88} = {0CFCA00A-861D-4988-A829-B7E33145393A}
	EndGlobalSection
EndGlobal
